// !$*UTF8*$!
{
	archiveVersion = 1;
	classes = {
	};
	objectVersion = 77;
	objects = {

/* Begin PBXBuildFile section */
		EF0AD2952D11CFF000213246 /* NetworkExtension.framework in Frameworks */ = {isa = PBXBuildFile; fileRef = EFCD5EA12D10742F00720149 /* NetworkExtension.framework */; };
		EF0AD29D2D11CFF000213246 /* ContentFilterData.appex in Embed Foundation Extensions */ = {isa = PBXBuildFile; fileRef = EF0AD2942D11CFEF00213246 /* ContentFilterData.appex */; settings = {ATTRIBUTES = (RemoveHeadersOnCopy, ); }; };
		EF0AD2A72D11D00900213246 /* FilterDataProvider.swift in Sources */ = {isa = PBXBuildFile; fileRef = EF0AD2A42D11D00900213246 /* FilterDataProvider.swift */; };
		EF3F17C32D11D5EC005CB98B /* FilterUtilities.swift in Sources */ = {isa = PBXBuildFile; fileRef = EF3F17C22D11D5EA005CB98B /* FilterUtilities.swift */; };
		EFB24F942D0DBF590003B077 /* MultipeerUITests.swift in Sources */ = {isa = PBXBuildFile; fileRef = EFB24F912D0DBF590003B077 /* MultipeerUITests.swift */; };
		EFB24F952D0DBF590003B077 /* MultipeerUITestsLaunchTests.swift in Sources */ = {isa = PBXBuildFile; fileRef = EFB24F922D0DBF590003B077 /* MultipeerUITestsLaunchTests.swift */; };
		EFB24F982D0DBF590003B077 /* MultipeerTests.swift in Sources */ = {isa = PBXBuildFile; fileRef = EFB24F962D0DBF590003B077 /* MultipeerTests.swift */; };
		EFB24F9F2D0DBF590003B077 /* ContentView.swift in Sources */ = {isa = PBXBuildFile; fileRef = EFB24F9C2D0DBF590003B077 /* ContentView.swift */; };
		EFB24FA02D0DBF590003B077 /* MultipeerApp.swift in Sources */ = {isa = PBXBuildFile; fileRef = EFB24F9D2D0DBF590003B077 /* MultipeerApp.swift */; };
		EFB24FA12D0DBF590003B077 /* Preview Assets.xcassets in Resources */ = {isa = PBXBuildFile; fileRef = EFB24F992D0DBF590003B077 /* Preview Assets.xcassets */; };
		EFB24FA22D0DBF590003B077 /* Assets.xcassets in Resources */ = {isa = PBXBuildFile; fileRef = EFB24F9B2D0DBF590003B077 /* Assets.xcassets */; };
		EFB24FA52D0DC02C0003B077 /* MultipeerManager.swift in Sources */ = {isa = PBXBuildFile; fileRef = EFB24FA42D0DC02A0003B077 /* MultipeerManager.swift */; };
		EFC36BEB2D11E4E4003A87BC /* FilterUtilities.swift in Sources */ = {isa = PBXBuildFile; fileRef = EF3F17C22D11D5EA005CB98B /* FilterUtilities.swift */; };
		EFC36BEC2D11E4E4003A87BC /* FilterUtilities.swift in Sources */ = {isa = PBXBuildFile; fileRef = EF3F17C22D11D5EA005CB98B /* FilterUtilities.swift */; };
		EFC679FA2D0F0EFD00481B96 /* PermissionRequest.swift in Sources */ = {isa = PBXBuildFile; fileRef = EFC679F92D0F0EFB00481B96 /* PermissionRequest.swift */; };
		EFC679FC2D0F128000481B96 /* MultipeerManager+MCNearbyServiceAdvertiser.swift in Sources */ = {isa = PBXBuildFile; fileRef = EFC679FB2D0F126E00481B96 /* MultipeerManager+MCNearbyServiceAdvertiser.swift */; };
		EFC679FE2D0F151200481B96 /* MessageView.swift in Sources */ = {isa = PBXBuildFile; fileRef = EFC679FD2D0F151000481B96 /* MessageView.swift */; };
		EFC67A002D0F1D6D00481B96 /* MessageResponse.swift in Sources */ = {isa = PBXBuildFile; fileRef = EFC679FF2D0F1D6600481B96 /* MessageResponse.swift */; };
		EFCD5E992D1065ED00720149 /* BlockListManager.swift in Sources */ = {isa = PBXBuildFile; fileRef = EFCD5E982D1065EA00720149 /* BlockListManager.swift */; };
		EFCD5EA22D10742F00720149 /* NetworkExtension.framework in Frameworks */ = {isa = PBXBuildFile; fileRef = EFCD5EA12D10742F00720149 /* NetworkExtension.framework */; };
		EFCD5EAA2D10742F00720149 /* ContentFilter.appex in Embed Foundation Extensions */ = {isa = PBXBuildFile; fileRef = EFCD5E9F2D10742F00720149 /* ContentFilter.appex */; settings = {ATTRIBUTES = (RemoveHeadersOnCopy, ); }; };
		EFCD5EB42D10743E00720149 /* FilterControlProvider.swift in Sources */ = {isa = PBXBuildFile; fileRef = EFCD5EB12D10743E00720149 /* FilterControlProvider.swift */; };
		EFCD5EB72D1074B600720149 /* FilterDomain.swift in Sources */ = {isa = PBXBuildFile; fileRef = EFCD5EB62D1074B300720149 /* FilterDomain.swift */; };
		EFCD5EB82D107BDD00720149 /* NetworkExtension.framework in Frameworks */ = {isa = PBXBuildFile; fileRef = EFCD5EA12D10742F00720149 /* NetworkExtension.framework */; };
		EFD2ADD12D0EFBAA0027A2A4 /* MultipeerManager+MCSession.swift in Sources */ = {isa = PBXBuildFile; fileRef = EFD2ADD02D0EFB9C0027A2A4 /* MultipeerManager+MCSession.swift */; };
		EFD2ADD42D0F06FC0027A2A4 /* MultipeerManager+MCNearbyServiceBrowser.swift in Sources */ = {isa = PBXBuildFile; fileRef = EFD2ADD32D0F06ED0027A2A4 /* MultipeerManager+MCNearbyServiceBrowser.swift */; };
		EFD2ADD72D0F08890027A2A4 /* PeerDevice.swift in Sources */ = {isa = PBXBuildFile; fileRef = EFD2ADD62D0F08860027A2A4 /* PeerDevice.swift */; };
/* End PBXBuildFile section */

/* Begin PBXContainerItemProxy section */
		EF0AD29B2D11CFF000213246 /* PBXContainerItemProxy */ = {
			isa = PBXContainerItemProxy;
			containerPortal = EFB24F5C2D0DBF520003B077 /* Project object */;
			proxyType = 1;
			remoteGlobalIDString = EF0AD2932D11CFEF00213246;
			remoteInfo = ContentFilterData;
		};
		EFB24F752D0DBF530003B077 /* PBXContainerItemProxy */ = {
			isa = PBXContainerItemProxy;
			containerPortal = EFB24F5C2D0DBF520003B077 /* Project object */;
			proxyType = 1;
			remoteGlobalIDString = EFB24F632D0DBF520003B077;
			remoteInfo = Multipeer;
		};
		EFB24F7F2D0DBF530003B077 /* PBXContainerItemProxy */ = {
			isa = PBXContainerItemProxy;
			containerPortal = EFB24F5C2D0DBF520003B077 /* Project object */;
			proxyType = 1;
			remoteGlobalIDString = EFB24F632D0DBF520003B077;
			remoteInfo = Multipeer;
		};
		EFCD5EA82D10742F00720149 /* PBXContainerItemProxy */ = {
			isa = PBXContainerItemProxy;
			containerPortal = EFB24F5C2D0DBF520003B077 /* Project object */;
			proxyType = 1;
			remoteGlobalIDString = EFCD5E9E2D10742F00720149;
			remoteInfo = ContentFilter;
		};
/* End PBXContainerItemProxy section */

/* Begin PBXCopyFilesBuildPhase section */
		EFCD5EAF2D10742F00720149 /* Embed Foundation Extensions */ = {
			isa = PBXCopyFilesBuildPhase;
			buildActionMask = 2147483647;
			dstPath = "";
			dstSubfolderSpec = 13;
			files = (
				EF0AD29D2D11CFF000213246 /* ContentFilterData.appex in Embed Foundation Extensions */,
				EFCD5EAA2D10742F00720149 /* ContentFilter.appex in Embed Foundation Extensions */,
			);
			name = "Embed Foundation Extensions";
			runOnlyForDeploymentPostprocessing = 0;
		};
/* End PBXCopyFilesBuildPhase section */

/* Begin PBXFileReference section */
		EF0AD2942D11CFEF00213246 /* ContentFilterData.appex */ = {isa = PBXFileReference; explicitFileType = "wrapper.app-extension"; includeInIndex = 0; path = ContentFilterData.appex; sourceTree = BUILT_PRODUCTS_DIR; };
		EF0AD2A32D11D00900213246 /* ContentFilterData.entitlements */ = {isa = PBXFileReference; lastKnownFileType = text.plist.entitlements; path = ContentFilterData.entitlements; sourceTree = "<group>"; };
		EF0AD2A42D11D00900213246 /* FilterDataProvider.swift */ = {isa = PBXFileReference; lastKnownFileType = sourcecode.swift; path = FilterDataProvider.swift; sourceTree = "<group>"; };
		EF0AD2A52D11D00900213246 /* Info.plist */ = {isa = PBXFileReference; lastKnownFileType = text.plist.xml; path = Info.plist; sourceTree = "<group>"; };
		EF3F17C22D11D5EA005CB98B /* FilterUtilities.swift */ = {isa = PBXFileReference; lastKnownFileType = sourcecode.swift; path = FilterUtilities.swift; sourceTree = "<group>"; };
		EFB24F642D0DBF520003B077 /* Multipeer.app */ = {isa = PBXFileReference; explicitFileType = wrapper.application; includeInIndex = 0; path = Multipeer.app; sourceTree = BUILT_PRODUCTS_DIR; };
		EFB24F742D0DBF530003B077 /* MultipeerTests.xctest */ = {isa = PBXFileReference; explicitFileType = wrapper.cfbundle; includeInIndex = 0; path = MultipeerTests.xctest; sourceTree = BUILT_PRODUCTS_DIR; };
		EFB24F7E2D0DBF530003B077 /* MultipeerUITests.xctest */ = {isa = PBXFileReference; explicitFileType = wrapper.cfbundle; includeInIndex = 0; path = MultipeerUITests.xctest; sourceTree = BUILT_PRODUCTS_DIR; };
		EFB24F912D0DBF590003B077 /* MultipeerUITests.swift */ = {isa = PBXFileReference; lastKnownFileType = sourcecode.swift; path = MultipeerUITests.swift; sourceTree = "<group>"; };
		EFB24F922D0DBF590003B077 /* MultipeerUITestsLaunchTests.swift */ = {isa = PBXFileReference; lastKnownFileType = sourcecode.swift; path = MultipeerUITestsLaunchTests.swift; sourceTree = "<group>"; };
		EFB24F962D0DBF590003B077 /* MultipeerTests.swift */ = {isa = PBXFileReference; lastKnownFileType = sourcecode.swift; path = MultipeerTests.swift; sourceTree = "<group>"; };
		EFB24F992D0DBF590003B077 /* Preview Assets.xcassets */ = {isa = PBXFileReference; lastKnownFileType = folder.assetcatalog; path = "Preview Assets.xcassets"; sourceTree = "<group>"; };
		EFB24F9B2D0DBF590003B077 /* Assets.xcassets */ = {isa = PBXFileReference; lastKnownFileType = folder.assetcatalog; path = Assets.xcassets; sourceTree = "<group>"; };
		EFB24F9C2D0DBF590003B077 /* ContentView.swift */ = {isa = PBXFileReference; lastKnownFileType = sourcecode.swift; path = ContentView.swift; sourceTree = "<group>"; };
		EFB24F9D2D0DBF590003B077 /* MultipeerApp.swift */ = {isa = PBXFileReference; lastKnownFileType = sourcecode.swift; path = MultipeerApp.swift; sourceTree = "<group>"; };
		EFB24FA42D0DC02A0003B077 /* MultipeerManager.swift */ = {isa = PBXFileReference; lastKnownFileType = sourcecode.swift; path = MultipeerManager.swift; sourceTree = "<group>"; };
		EFC679F92D0F0EFB00481B96 /* PermissionRequest.swift */ = {isa = PBXFileReference; lastKnownFileType = sourcecode.swift; path = PermissionRequest.swift; sourceTree = "<group>"; };
		EFC679FB2D0F126E00481B96 /* MultipeerManager+MCNearbyServiceAdvertiser.swift */ = {isa = PBXFileReference; lastKnownFileType = sourcecode.swift; path = "MultipeerManager+MCNearbyServiceAdvertiser.swift"; sourceTree = "<group>"; };
		EFC679FD2D0F151000481B96 /* MessageView.swift */ = {isa = PBXFileReference; lastKnownFileType = sourcecode.swift; path = MessageView.swift; sourceTree = "<group>"; };
		EFC679FF2D0F1D6600481B96 /* MessageResponse.swift */ = {isa = PBXFileReference; lastKnownFileType = sourcecode.swift; path = MessageResponse.swift; sourceTree = "<group>"; };
		EFCD5E972D10651900720149 /* Multipeer.entitlements */ = {isa = PBXFileReference; lastKnownFileType = text.plist.entitlements; path = Multipeer.entitlements; sourceTree = "<group>"; };
		EFCD5E982D1065EA00720149 /* BlockListManager.swift */ = {isa = PBXFileReference; lastKnownFileType = sourcecode.swift; path = BlockListManager.swift; sourceTree = "<group>"; };
		EFCD5E9A2D10699100720149 /* Info.plist */ = {isa = PBXFileReference; lastKnownFileType = text.plist; path = Info.plist; sourceTree = "<group>"; };
		EFCD5E9F2D10742F00720149 /* ContentFilter.appex */ = {isa = PBXFileReference; explicitFileType = "wrapper.app-extension"; includeInIndex = 0; path = ContentFilter.appex; sourceTree = BUILT_PRODUCTS_DIR; };
		EFCD5EA12D10742F00720149 /* NetworkExtension.framework */ = {isa = PBXFileReference; lastKnownFileType = wrapper.framework; name = NetworkExtension.framework; path = System/Library/Frameworks/NetworkExtension.framework; sourceTree = SDKROOT; };
		EFCD5EB02D10743E00720149 /* ContentFilter.entitlements */ = {isa = PBXFileReference; lastKnownFileType = text.plist.entitlements; path = ContentFilter.entitlements; sourceTree = "<group>"; };
		EFCD5EB12D10743E00720149 /* FilterControlProvider.swift */ = {isa = PBXFileReference; lastKnownFileType = sourcecode.swift; path = FilterControlProvider.swift; sourceTree = "<group>"; };
		EFCD5EB22D10743E00720149 /* Info.plist */ = {isa = PBXFileReference; lastKnownFileType = text.plist.xml; path = Info.plist; sourceTree = "<group>"; };
		EFCD5EB62D1074B300720149 /* FilterDomain.swift */ = {isa = PBXFileReference; lastKnownFileType = sourcecode.swift; path = FilterDomain.swift; sourceTree = "<group>"; };
		EFD2ADD02D0EFB9C0027A2A4 /* MultipeerManager+MCSession.swift */ = {isa = PBXFileReference; lastKnownFileType = sourcecode.swift; path = "MultipeerManager+MCSession.swift"; sourceTree = "<group>"; };
		EFD2ADD32D0F06ED0027A2A4 /* MultipeerManager+MCNearbyServiceBrowser.swift */ = {isa = PBXFileReference; lastKnownFileType = sourcecode.swift; path = "MultipeerManager+MCNearbyServiceBrowser.swift"; sourceTree = "<group>"; };
		EFD2ADD62D0F08860027A2A4 /* PeerDevice.swift */ = {isa = PBXFileReference; lastKnownFileType = sourcecode.swift; path = PeerDevice.swift; sourceTree = "<group>"; };
/* End PBXFileReference section */

/* Begin PBXFrameworksBuildPhase section */
		EF0AD2912D11CFEF00213246 /* Frameworks */ = {
			isa = PBXFrameworksBuildPhase;
			buildActionMask = 2147483647;
			files = (
				EF0AD2952D11CFF000213246 /* NetworkExtension.framework in Frameworks */,
			);
			runOnlyForDeploymentPostprocessing = 0;
		};
		EFB24F612D0DBF520003B077 /* Frameworks */ = {
			isa = PBXFrameworksBuildPhase;
			buildActionMask = 2147483647;
			files = (
				EFCD5EB82D107BDD00720149 /* NetworkExtension.framework in Frameworks */,
			);
			runOnlyForDeploymentPostprocessing = 0;
		};
		EFB24F712D0DBF530003B077 /* Frameworks */ = {
			isa = PBXFrameworksBuildPhase;
			buildActionMask = 2147483647;
			files = (
			);
			runOnlyForDeploymentPostprocessing = 0;
		};
		EFB24F7B2D0DBF530003B077 /* Frameworks */ = {
			isa = PBXFrameworksBuildPhase;
			buildActionMask = 2147483647;
			files = (
			);
			runOnlyForDeploymentPostprocessing = 0;
		};
		EFCD5E9C2D10742F00720149 /* Frameworks */ = {
			isa = PBXFrameworksBuildPhase;
			buildActionMask = 2147483647;
			files = (
				EFCD5EA22D10742F00720149 /* NetworkExtension.framework in Frameworks */,
			);
			runOnlyForDeploymentPostprocessing = 0;
		};
/* End PBXFrameworksBuildPhase section */

/* Begin PBXGroup section */
		EF0AD2A62D11D00900213246 /* ContentFilterData */ = {
			isa = PBXGroup;
			children = (
				EF0AD2A32D11D00900213246 /* ContentFilterData.entitlements */,
				EF0AD2A42D11D00900213246 /* FilterDataProvider.swift */,
				EF0AD2A52D11D00900213246 /* Info.plist */,
			);
			path = ContentFilterData;
			sourceTree = "<group>";
		};
		EF3F17C12D11D5E2005CB98B /* Helpers */ = {
			isa = PBXGroup;
			children = (
				EF3F17C22D11D5EA005CB98B /* FilterUtilities.swift */,
			);
			path = Helpers;
			sourceTree = "<group>";
		};
		EFB24F5B2D0DBF520003B077 = {
			isa = PBXGroup;
			children = (
				EFB24F9E2D0DBF590003B077 /* Multipeer */,
				EFB24F972D0DBF590003B077 /* MultipeerTests */,
				EFB24F932D0DBF590003B077 /* MultipeerUITests */,
				EFCD5EB32D10743E00720149 /* ContentFilter */,
				EF0AD2A62D11D00900213246 /* ContentFilterData */,
				EFCD5EA02D10742F00720149 /* Frameworks */,
				EFB24F652D0DBF520003B077 /* Products */,
			);
			sourceTree = "<group>";
		};
		EFB24F652D0DBF520003B077 /* Products */ = {
			isa = PBXGroup;
			children = (
				EFB24F642D0DBF520003B077 /* Multipeer.app */,
				EFB24F742D0DBF530003B077 /* MultipeerTests.xctest */,
				EFB24F7E2D0DBF530003B077 /* MultipeerUITests.xctest */,
				EFCD5E9F2D10742F00720149 /* ContentFilter.appex */,
				EF0AD2942D11CFEF00213246 /* ContentFilterData.appex */,
			);
			name = Products;
			sourceTree = "<group>";
		};
		EFB24F932D0DBF590003B077 /* MultipeerUITests */ = {
			isa = PBXGroup;
			children = (
				EFB24F912D0DBF590003B077 /* MultipeerUITests.swift */,
				EFB24F922D0DBF590003B077 /* MultipeerUITestsLaunchTests.swift */,
			);
			path = MultipeerUITests;
			sourceTree = "<group>";
		};
		EFB24F972D0DBF590003B077 /* MultipeerTests */ = {
			isa = PBXGroup;
			children = (
				EFB24F962D0DBF590003B077 /* MultipeerTests.swift */,
			);
			path = MultipeerTests;
			sourceTree = "<group>";
		};
		EFB24F9A2D0DBF590003B077 /* Preview Content */ = {
			isa = PBXGroup;
			children = (
				EFB24F992D0DBF590003B077 /* Preview Assets.xcassets */,
			);
			path = "Preview Content";
			sourceTree = "<group>";
		};
		EFB24F9E2D0DBF590003B077 /* Multipeer */ = {
			isa = PBXGroup;
			children = (
				EFCD5E9A2D10699100720149 /* Info.plist */,
				EFCD5E972D10651900720149 /* Multipeer.entitlements */,
				EF3F17C12D11D5E2005CB98B /* Helpers */,
				EFD2ADD52D0F08780027A2A4 /* Model */,
				EFB24FA32D0DC0230003B077 /* Infrastructure */,
				EFB24F9A2D0DBF590003B077 /* Preview Content */,
				EFB24F9B2D0DBF590003B077 /* Assets.xcassets */,
				EFC679FD2D0F151000481B96 /* MessageView.swift */,
				EFB24F9C2D0DBF590003B077 /* ContentView.swift */,
				EFB24F9D2D0DBF590003B077 /* MultipeerApp.swift */,
			);
			path = Multipeer;
			sourceTree = "<group>";
		};
		EFB24FA32D0DC0230003B077 /* Infrastructure */ = {
			isa = PBXGroup;
			children = (
				EFCD5E982D1065EA00720149 /* BlockListManager.swift */,
				EFC679FB2D0F126E00481B96 /* MultipeerManager+MCNearbyServiceAdvertiser.swift */,
				EFD2ADD32D0F06ED0027A2A4 /* MultipeerManager+MCNearbyServiceBrowser.swift */,
				EFD2ADD02D0EFB9C0027A2A4 /* MultipeerManager+MCSession.swift */,
				EFB24FA42D0DC02A0003B077 /* MultipeerManager.swift */,
			);
			path = Infrastructure;
			sourceTree = "<group>";
		};
		EFCD5EA02D10742F00720149 /* Frameworks */ = {
			isa = PBXGroup;
			children = (
				EFCD5EA12D10742F00720149 /* NetworkExtension.framework */,
			);
			name = Frameworks;
			sourceTree = "<group>";
		};
		EFCD5EB32D10743E00720149 /* ContentFilter */ = {
			isa = PBXGroup;
			children = (
				EFCD5EB02D10743E00720149 /* ContentFilter.entitlements */,
				EFCD5EB12D10743E00720149 /* FilterControlProvider.swift */,
				EFCD5EB22D10743E00720149 /* Info.plist */,
			);
			path = ContentFilter;
			sourceTree = "<group>";
		};
		EFD2ADD52D0F08780027A2A4 /* Model */ = {
			isa = PBXGroup;
			children = (
				EFCD5EB62D1074B300720149 /* FilterDomain.swift */,
				EFC679FF2D0F1D6600481B96 /* MessageResponse.swift */,
				EFC679F92D0F0EFB00481B96 /* PermissionRequest.swift */,
				EFD2ADD62D0F08860027A2A4 /* PeerDevice.swift */,
			);
			path = Model;
			sourceTree = "<group>";
		};
/* End PBXGroup section */

/* Begin PBXNativeTarget section */
		EF0AD2932D11CFEF00213246 /* ContentFilterData */ = {
			isa = PBXNativeTarget;
			buildConfigurationList = EF0AD2A12D11CFF000213246 /* Build configuration list for PBXNativeTarget "ContentFilterData" */;
			buildPhases = (
				EF0AD2902D11CFEF00213246 /* Sources */,
				EF0AD2912D11CFEF00213246 /* Frameworks */,
				EF0AD2922D11CFEF00213246 /* Resources */,
			);
			buildRules = (
			);
			dependencies = (
			);
			name = ContentFilterData;
			packageProductDependencies = (
			);
			productName = ContentFilterData;
			productReference = EF0AD2942D11CFEF00213246 /* ContentFilterData.appex */;
			productType = "com.apple.product-type.app-extension";
		};
		EFB24F632D0DBF520003B077 /* Multipeer */ = {
			isa = PBXNativeTarget;
			buildConfigurationList = EFB24F882D0DBF530003B077 /* Build configuration list for PBXNativeTarget "Multipeer" */;
			buildPhases = (
				EFB24F602D0DBF520003B077 /* Sources */,
				EFB24F612D0DBF520003B077 /* Frameworks */,
				EFB24F622D0DBF520003B077 /* Resources */,
				EFCD5EAF2D10742F00720149 /* Embed Foundation Extensions */,
			);
			buildRules = (
			);
			dependencies = (
				EFCD5EA92D10742F00720149 /* PBXTargetDependency */,
				EF0AD29C2D11CFF000213246 /* PBXTargetDependency */,
			);
			name = Multipeer;
			packageProductDependencies = (
			);
			productName = Multipeer;
			productReference = EFB24F642D0DBF520003B077 /* Multipeer.app */;
			productType = "com.apple.product-type.application";
		};
		EFB24F732D0DBF530003B077 /* MultipeerTests */ = {
			isa = PBXNativeTarget;
			buildConfigurationList = EFB24F8B2D0DBF530003B077 /* Build configuration list for PBXNativeTarget "MultipeerTests" */;
			buildPhases = (
				EFB24F702D0DBF530003B077 /* Sources */,
				EFB24F712D0DBF530003B077 /* Frameworks */,
				EFB24F722D0DBF530003B077 /* Resources */,
			);
			buildRules = (
			);
			dependencies = (
				EFB24F762D0DBF530003B077 /* PBXTargetDependency */,
			);
			name = MultipeerTests;
			packageProductDependencies = (
			);
			productName = MultipeerTests;
			productReference = EFB24F742D0DBF530003B077 /* MultipeerTests.xctest */;
			productType = "com.apple.product-type.bundle.unit-test";
		};
		EFB24F7D2D0DBF530003B077 /* MultipeerUITests */ = {
			isa = PBXNativeTarget;
			buildConfigurationList = EFB24F8E2D0DBF530003B077 /* Build configuration list for PBXNativeTarget "MultipeerUITests" */;
			buildPhases = (
				EFB24F7A2D0DBF530003B077 /* Sources */,
				EFB24F7B2D0DBF530003B077 /* Frameworks */,
				EFB24F7C2D0DBF530003B077 /* Resources */,
			);
			buildRules = (
			);
			dependencies = (
				EFB24F802D0DBF530003B077 /* PBXTargetDependency */,
			);
			name = MultipeerUITests;
			packageProductDependencies = (
			);
			productName = MultipeerUITests;
			productReference = EFB24F7E2D0DBF530003B077 /* MultipeerUITests.xctest */;
			productType = "com.apple.product-type.bundle.ui-testing";
		};
		EFCD5E9E2D10742F00720149 /* ContentFilter */ = {
			isa = PBXNativeTarget;
			buildConfigurationList = EFCD5EAC2D10742F00720149 /* Build configuration list for PBXNativeTarget "ContentFilter" */;
			buildPhases = (
				EFCD5E9B2D10742F00720149 /* Sources */,
				EFCD5E9C2D10742F00720149 /* Frameworks */,
				EFCD5E9D2D10742F00720149 /* Resources */,
			);
			buildRules = (
			);
			dependencies = (
			);
			name = ContentFilter;
			packageProductDependencies = (
			);
			productName = ContentFilter;
			productReference = EFCD5E9F2D10742F00720149 /* ContentFilter.appex */;
			productType = "com.apple.product-type.app-extension";
		};
/* End PBXNativeTarget section */

/* Begin PBXProject section */
		EFB24F5C2D0DBF520003B077 /* Project object */ = {
			isa = PBXProject;
			attributes = {
				BuildIndependentTargetsInParallel = 1;
				LastSwiftUpdateCheck = 1610;
				LastUpgradeCheck = 1610;
				TargetAttributes = {
					EF0AD2932D11CFEF00213246 = {
						CreatedOnToolsVersion = 16.1;
					};
					EFB24F632D0DBF520003B077 = {
						CreatedOnToolsVersion = 16.1;
					};
					EFB24F732D0DBF530003B077 = {
						CreatedOnToolsVersion = 16.1;
						TestTargetID = EFB24F632D0DBF520003B077;
					};
					EFB24F7D2D0DBF530003B077 = {
						CreatedOnToolsVersion = 16.1;
						TestTargetID = EFB24F632D0DBF520003B077;
					};
					EFCD5E9E2D10742F00720149 = {
						CreatedOnToolsVersion = 16.1;
					};
				};
			};
			buildConfigurationList = EFB24F5F2D0DBF520003B077 /* Build configuration list for PBXProject "Multipeer" */;
			developmentRegion = en;
			hasScannedForEncodings = 0;
			knownRegions = (
				en,
				Base,
			);
			mainGroup = EFB24F5B2D0DBF520003B077;
			minimizedProjectReferenceProxies = 1;
			preferredProjectObjectVersion = 77;
			productRefGroup = EFB24F652D0DBF520003B077 /* Products */;
			projectDirPath = "";
			projectRoot = "";
			targets = (
				EFB24F632D0DBF520003B077 /* Multipeer */,
				EFB24F732D0DBF530003B077 /* MultipeerTests */,
				EFB24F7D2D0DBF530003B077 /* MultipeerUITests */,
				EFCD5E9E2D10742F00720149 /* ContentFilter */,
				EF0AD2932D11CFEF00213246 /* ContentFilterData */,
			);
		};
/* End PBXProject section */

/* Begin PBXResourcesBuildPhase section */
		EF0AD2922D11CFEF00213246 /* Resources */ = {
			isa = PBXResourcesBuildPhase;
			buildActionMask = 2147483647;
			files = (
			);
			runOnlyForDeploymentPostprocessing = 0;
		};
		EFB24F622D0DBF520003B077 /* Resources */ = {
			isa = PBXResourcesBuildPhase;
			buildActionMask = 2147483647;
			files = (
				EFB24FA12D0DBF590003B077 /* Preview Assets.xcassets in Resources */,
				EFB24FA22D0DBF590003B077 /* Assets.xcassets in Resources */,
			);
			runOnlyForDeploymentPostprocessing = 0;
		};
		EFB24F722D0DBF530003B077 /* Resources */ = {
			isa = PBXResourcesBuildPhase;
			buildActionMask = 2147483647;
			files = (
			);
			runOnlyForDeploymentPostprocessing = 0;
		};
		EFB24F7C2D0DBF530003B077 /* Resources */ = {
			isa = PBXResourcesBuildPhase;
			buildActionMask = 2147483647;
			files = (
			);
			runOnlyForDeploymentPostprocessing = 0;
		};
		EFCD5E9D2D10742F00720149 /* Resources */ = {
			isa = PBXResourcesBuildPhase;
			buildActionMask = 2147483647;
			files = (
			);
			runOnlyForDeploymentPostprocessing = 0;
		};
/* End PBXResourcesBuildPhase section */

/* Begin PBXSourcesBuildPhase section */
		EF0AD2902D11CFEF00213246 /* Sources */ = {
			isa = PBXSourcesBuildPhase;
			buildActionMask = 2147483647;
			files = (
				EFC36BEC2D11E4E4003A87BC /* FilterUtilities.swift in Sources */,
				EF0AD2A72D11D00900213246 /* FilterDataProvider.swift in Sources */,
			);
			runOnlyForDeploymentPostprocessing = 0;
		};
		EFB24F602D0DBF520003B077 /* Sources */ = {
			isa = PBXSourcesBuildPhase;
			buildActionMask = 2147483647;
			files = (
				EFC67A002D0F1D6D00481B96 /* MessageResponse.swift in Sources */,
				EFD2ADD42D0F06FC0027A2A4 /* MultipeerManager+MCNearbyServiceBrowser.swift in Sources */,
				EFD2ADD12D0EFBAA0027A2A4 /* MultipeerManager+MCSession.swift in Sources */,
				EFB24F9F2D0DBF590003B077 /* ContentView.swift in Sources */,
				EF3F17C32D11D5EC005CB98B /* FilterUtilities.swift in Sources */,
				EFC679FE2D0F151200481B96 /* MessageView.swift in Sources */,
				EFC679FC2D0F128000481B96 /* MultipeerManager+MCNearbyServiceAdvertiser.swift in Sources */,
				EFB24FA52D0DC02C0003B077 /* MultipeerManager.swift in Sources */,
				EFB24FA02D0DBF590003B077 /* MultipeerApp.swift in Sources */,
				EFD2ADD72D0F08890027A2A4 /* PeerDevice.swift in Sources */,
				EFC679FA2D0F0EFD00481B96 /* PermissionRequest.swift in Sources */,
				EFCD5EB72D1074B600720149 /* FilterDomain.swift in Sources */,
				EFCD5E992D1065ED00720149 /* BlockListManager.swift in Sources */,
			);
			runOnlyForDeploymentPostprocessing = 0;
		};
		EFB24F702D0DBF530003B077 /* Sources */ = {
			isa = PBXSourcesBuildPhase;
			buildActionMask = 2147483647;
			files = (
				EFB24F982D0DBF590003B077 /* MultipeerTests.swift in Sources */,
			);
			runOnlyForDeploymentPostprocessing = 0;
		};
		EFB24F7A2D0DBF530003B077 /* Sources */ = {
			isa = PBXSourcesBuildPhase;
			buildActionMask = 2147483647;
			files = (
				EFB24F942D0DBF590003B077 /* MultipeerUITests.swift in Sources */,
				EFB24F952D0DBF590003B077 /* MultipeerUITestsLaunchTests.swift in Sources */,
			);
			runOnlyForDeploymentPostprocessing = 0;
		};
		EFCD5E9B2D10742F00720149 /* Sources */ = {
			isa = PBXSourcesBuildPhase;
			buildActionMask = 2147483647;
			files = (
				EFC36BEB2D11E4E4003A87BC /* FilterUtilities.swift in Sources */,
				EFCD5EB42D10743E00720149 /* FilterControlProvider.swift in Sources */,
			);
			runOnlyForDeploymentPostprocessing = 0;
		};
/* End PBXSourcesBuildPhase section */

/* Begin PBXTargetDependency section */
		EF0AD29C2D11CFF000213246 /* PBXTargetDependency */ = {
			isa = PBXTargetDependency;
			target = EF0AD2932D11CFEF00213246 /* ContentFilterData */;
			targetProxy = EF0AD29B2D11CFF000213246 /* PBXContainerItemProxy */;
		};
		EFB24F762D0DBF530003B077 /* PBXTargetDependency */ = {
			isa = PBXTargetDependency;
			target = EFB24F632D0DBF520003B077 /* Multipeer */;
			targetProxy = EFB24F752D0DBF530003B077 /* PBXContainerItemProxy */;
		};
		EFB24F802D0DBF530003B077 /* PBXTargetDependency */ = {
			isa = PBXTargetDependency;
			target = EFB24F632D0DBF520003B077 /* Multipeer */;
			targetProxy = EFB24F7F2D0DBF530003B077 /* PBXContainerItemProxy */;
		};
		EFCD5EA92D10742F00720149 /* PBXTargetDependency */ = {
			isa = PBXTargetDependency;
			target = EFCD5E9E2D10742F00720149 /* ContentFilter */;
			targetProxy = EFCD5EA82D10742F00720149 /* PBXContainerItemProxy */;
		};
/* End PBXTargetDependency section */

/* Begin XCBuildConfiguration section */
		EF0AD29E2D11CFF000213246 /* Debug */ = {
			isa = XCBuildConfiguration;
			buildSettings = {
				CODE_SIGN_ENTITLEMENTS = ContentFilterData/ContentFilterData.entitlements;
				CODE_SIGN_STYLE = Automatic;
				CURRENT_PROJECT_VERSION = 1;
				DEVELOPMENT_TEAM = DP3K3GBL6K;
				GENERATE_INFOPLIST_FILE = YES;
				INFOPLIST_FILE = ContentFilterData/Info.plist;
				INFOPLIST_KEY_CFBundleDisplayName = ContentFilterData;
				INFOPLIST_KEY_NSHumanReadableCopyright = "";
				LD_RUNPATH_SEARCH_PATHS = (
					"$(inherited)",
					"@executable_path/Frameworks",
					"@executable_path/../../Frameworks",
				);
				MARKETING_VERSION = 1.0;
				PRODUCT_BUNDLE_IDENTIFIER = com.dasontio.Multipeer.ContentFilterData;
				PRODUCT_NAME = "$(TARGET_NAME)";
				SKIP_INSTALL = YES;
				SWIFT_EMIT_LOC_STRINGS = YES;
				SWIFT_VERSION = 5.0;
				TARGETED_DEVICE_FAMILY = "1,2";
			};
			name = Debug;
		};
		EF0AD29F2D11CFF000213246 /* Release */ = {
			isa = XCBuildConfiguration;
			buildSettings = {
				CODE_SIGN_ENTITLEMENTS = ContentFilterData/ContentFilterData.entitlements;
				CODE_SIGN_STYLE = Automatic;
				CURRENT_PROJECT_VERSION = 1;
				DEVELOPMENT_TEAM = DP3K3GBL6K;
				GENERATE_INFOPLIST_FILE = YES;
				INFOPLIST_FILE = ContentFilterData/Info.plist;
				INFOPLIST_KEY_CFBundleDisplayName = ContentFilterData;
				INFOPLIST_KEY_NSHumanReadableCopyright = "";
				LD_RUNPATH_SEARCH_PATHS = (
					"$(inherited)",
					"@executable_path/Frameworks",
					"@executable_path/../../Frameworks",
				);
				MARKETING_VERSION = 1.0;
				PRODUCT_BUNDLE_IDENTIFIER = com.dasontio.Multipeer.ContentFilterData;
				PRODUCT_NAME = "$(TARGET_NAME)";
				SKIP_INSTALL = YES;
				SWIFT_EMIT_LOC_STRINGS = YES;
				SWIFT_VERSION = 5.0;
				TARGETED_DEVICE_FAMILY = "1,2";
			};
			name = Release;
		};
		EFB24F862D0DBF530003B077 /* Debug */ = {
			isa = XCBuildConfiguration;
			buildSettings = {
				ALWAYS_SEARCH_USER_PATHS = NO;
				ASSETCATALOG_COMPILER_GENERATE_SWIFT_ASSET_SYMBOL_EXTENSIONS = YES;
				CLANG_ANALYZER_NONNULL = YES;
				CLANG_ANALYZER_NUMBER_OBJECT_CONVERSION = YES_AGGRESSIVE;
				CLANG_CXX_LANGUAGE_STANDARD = "gnu++20";
				CLANG_ENABLE_MODULES = YES;
				CLANG_ENABLE_OBJC_ARC = YES;
				CLANG_ENABLE_OBJC_WEAK = YES;
				CLANG_WARN_BLOCK_CAPTURE_AUTORELEASING = YES;
				CLANG_WARN_BOOL_CONVERSION = YES;
				CLANG_WARN_COMMA = YES;
				CLANG_WARN_CONSTANT_CONVERSION = YES;
				CLANG_WARN_DEPRECATED_OBJC_IMPLEMENTATIONS = YES;
				CLANG_WARN_DIRECT_OBJC_ISA_USAGE = YES_ERROR;
				CLANG_WARN_DOCUMENTATION_COMMENTS = YES;
				CLANG_WARN_EMPTY_BODY = YES;
				CLANG_WARN_ENUM_CONVERSION = YES;
				CLANG_WARN_INFINITE_RECURSION = YES;
				CLANG_WARN_INT_CONVERSION = YES;
				CLANG_WARN_NON_LITERAL_NULL_CONVERSION = YES;
				CLANG_WARN_OBJC_IMPLICIT_RETAIN_SELF = YES;
				CLANG_WARN_OBJC_LITERAL_CONVERSION = YES;
				CLANG_WARN_OBJC_ROOT_CLASS = YES_ERROR;
				CLANG_WARN_QUOTED_INCLUDE_IN_FRAMEWORK_HEADER = YES;
				CLANG_WARN_RANGE_LOOP_ANALYSIS = YES;
				CLANG_WARN_STRICT_PROTOTYPES = YES;
				CLANG_WARN_SUSPICIOUS_MOVE = YES;
				CLANG_WARN_UNGUARDED_AVAILABILITY = YES_AGGRESSIVE;
				CLANG_WARN_UNREACHABLE_CODE = YES;
				CLANG_WARN__DUPLICATE_METHOD_MATCH = YES;
				COPY_PHASE_STRIP = NO;
				DEBUG_INFORMATION_FORMAT = dwarf;
				ENABLE_STRICT_OBJC_MSGSEND = YES;
				ENABLE_TESTABILITY = YES;
				ENABLE_USER_SCRIPT_SANDBOXING = YES;
				GCC_C_LANGUAGE_STANDARD = gnu17;
				GCC_DYNAMIC_NO_PIC = NO;
				GCC_NO_COMMON_BLOCKS = YES;
				GCC_OPTIMIZATION_LEVEL = 0;
				GCC_PREPROCESSOR_DEFINITIONS = (
					"DEBUG=1",
					"$(inherited)",
				);
				GCC_WARN_64_TO_32_BIT_CONVERSION = YES;
				GCC_WARN_ABOUT_RETURN_TYPE = YES_ERROR;
				GCC_WARN_UNDECLARED_SELECTOR = YES;
				GCC_WARN_UNINITIALIZED_AUTOS = YES_AGGRESSIVE;
				GCC_WARN_UNUSED_FUNCTION = YES;
				GCC_WARN_UNUSED_VARIABLE = YES;
				IPHONEOS_DEPLOYMENT_TARGET = 18.1;
				LOCALIZATION_PREFERS_STRING_CATALOGS = YES;
				MTL_ENABLE_DEBUG_INFO = INCLUDE_SOURCE;
				MTL_FAST_MATH = YES;
				ONLY_ACTIVE_ARCH = YES;
				SDKROOT = iphoneos;
				SWIFT_ACTIVE_COMPILATION_CONDITIONS = "DEBUG $(inherited)";
				SWIFT_OPTIMIZATION_LEVEL = "-Onone";
			};
			name = Debug;
		};
		EFB24F872D0DBF530003B077 /* Release */ = {
			isa = XCBuildConfiguration;
			buildSettings = {
				ALWAYS_SEARCH_USER_PATHS = NO;
				ASSETCATALOG_COMPILER_GENERATE_SWIFT_ASSET_SYMBOL_EXTENSIONS = YES;
				CLANG_ANALYZER_NONNULL = YES;
				CLANG_ANALYZER_NUMBER_OBJECT_CONVERSION = YES_AGGRESSIVE;
				CLANG_CXX_LANGUAGE_STANDARD = "gnu++20";
				CLANG_ENABLE_MODULES = YES;
				CLANG_ENABLE_OBJC_ARC = YES;
				CLANG_ENABLE_OBJC_WEAK = YES;
				CLANG_WARN_BLOCK_CAPTURE_AUTORELEASING = YES;
				CLANG_WARN_BOOL_CONVERSION = YES;
				CLANG_WARN_COMMA = YES;
				CLANG_WARN_CONSTANT_CONVERSION = YES;
				CLANG_WARN_DEPRECATED_OBJC_IMPLEMENTATIONS = YES;
				CLANG_WARN_DIRECT_OBJC_ISA_USAGE = YES_ERROR;
				CLANG_WARN_DOCUMENTATION_COMMENTS = YES;
				CLANG_WARN_EMPTY_BODY = YES;
				CLANG_WARN_ENUM_CONVERSION = YES;
				CLANG_WARN_INFINITE_RECURSION = YES;
				CLANG_WARN_INT_CONVERSION = YES;
				CLANG_WARN_NON_LITERAL_NULL_CONVERSION = YES;
				CLANG_WARN_OBJC_IMPLICIT_RETAIN_SELF = YES;
				CLANG_WARN_OBJC_LITERAL_CONVERSION = YES;
				CLANG_WARN_OBJC_ROOT_CLASS = YES_ERROR;
				CLANG_WARN_QUOTED_INCLUDE_IN_FRAMEWORK_HEADER = YES;
				CLANG_WARN_RANGE_LOOP_ANALYSIS = YES;
				CLANG_WARN_STRICT_PROTOTYPES = YES;
				CLANG_WARN_SUSPICIOUS_MOVE = YES;
				CLANG_WARN_UNGUARDED_AVAILABILITY = YES_AGGRESSIVE;
				CLANG_WARN_UNREACHABLE_CODE = YES;
				CLANG_WARN__DUPLICATE_METHOD_MATCH = YES;
				COPY_PHASE_STRIP = NO;
				DEBUG_INFORMATION_FORMAT = "dwarf-with-dsym";
				ENABLE_NS_ASSERTIONS = NO;
				ENABLE_STRICT_OBJC_MSGSEND = YES;
				ENABLE_USER_SCRIPT_SANDBOXING = YES;
				GCC_C_LANGUAGE_STANDARD = gnu17;
				GCC_NO_COMMON_BLOCKS = YES;
				GCC_WARN_64_TO_32_BIT_CONVERSION = YES;
				GCC_WARN_ABOUT_RETURN_TYPE = YES_ERROR;
				GCC_WARN_UNDECLARED_SELECTOR = YES;
				GCC_WARN_UNINITIALIZED_AUTOS = YES_AGGRESSIVE;
				GCC_WARN_UNUSED_FUNCTION = YES;
				GCC_WARN_UNUSED_VARIABLE = YES;
				IPHONEOS_DEPLOYMENT_TARGET = 18.1;
				LOCALIZATION_PREFERS_STRING_CATALOGS = YES;
				MTL_ENABLE_DEBUG_INFO = NO;
				MTL_FAST_MATH = YES;
				SDKROOT = iphoneos;
				SWIFT_COMPILATION_MODE = wholemodule;
				VALIDATE_PRODUCT = YES;
			};
			name = Release;
		};
		EFB24F892D0DBF530003B077 /* Debug */ = {
			isa = XCBuildConfiguration;
			buildSettings = {
				ASSETCATALOG_COMPILER_APPICON_NAME = AppIcon;
				ASSETCATALOG_COMPILER_GLOBAL_ACCENT_COLOR_NAME = AccentColor;
				CODE_SIGN_ENTITLEMENTS = Multipeer/Multipeer.entitlements;
				CODE_SIGN_STYLE = Automatic;
				CURRENT_PROJECT_VERSION = 1;
				DEVELOPMENT_ASSET_PATHS = "\"Multipeer/Preview Content\"";
				DEVELOPMENT_TEAM = DP3K3GBL6K;
				ENABLE_PREVIEWS = YES;
				GENERATE_INFOPLIST_FILE = YES;
				INFOPLIST_FILE = Multipeer/Info.plist;
				INFOPLIST_KEY_NSLocalNetworkUsageDescription = "LAN discovery needed to search other devices. Please allow the permission.";
				INFOPLIST_KEY_NSSystemExtensionUsageDescription = "We need it to block some content";
				INFOPLIST_KEY_UIApplicationSceneManifest_Generation = YES;
				INFOPLIST_KEY_UIApplicationSupportsIndirectInputEvents = YES;
				INFOPLIST_KEY_UILaunchScreen_Generation = YES;
				INFOPLIST_KEY_UIRequiredDeviceCapabilities = armv7;
				INFOPLIST_KEY_UISupportedInterfaceOrientations_iPad = "UIInterfaceOrientationPortrait UIInterfaceOrientationPortraitUpsideDown UIInterfaceOrientationLandscapeLeft UIInterfaceOrientationLandscapeRight";
				INFOPLIST_KEY_UISupportedInterfaceOrientations_iPhone = "UIInterfaceOrientationPortrait UIInterfaceOrientationLandscapeLeft UIInterfaceOrientationLandscapeRight";
				IPHONEOS_DEPLOYMENT_TARGET = 18.0;
				LD_RUNPATH_SEARCH_PATHS = (
					"$(inherited)",
					"@executable_path/Frameworks",
				);
				MARKETING_VERSION = 1.0;
				PRODUCT_BUNDLE_IDENTIFIER = com.dasontio.Multipeer;
				PRODUCT_NAME = "$(TARGET_NAME)";
				SWIFT_EMIT_LOC_STRINGS = YES;
				SWIFT_VERSION = 5.0;
				TARGETED_DEVICE_FAMILY = "1,2";
			};
			name = Debug;
		};
		EFB24F8A2D0DBF530003B077 /* Release */ = {
			isa = XCBuildConfiguration;
			buildSettings = {
				ASSETCATALOG_COMPILER_APPICON_NAME = AppIcon;
				ASSETCATALOG_COMPILER_GLOBAL_ACCENT_COLOR_NAME = AccentColor;
				CODE_SIGN_ENTITLEMENTS = Multipeer/Multipeer.entitlements;
				CODE_SIGN_STYLE = Automatic;
				CURRENT_PROJECT_VERSION = 1;
				DEVELOPMENT_ASSET_PATHS = "\"Multipeer/Preview Content\"";
				DEVELOPMENT_TEAM = DP3K3GBL6K;
				ENABLE_PREVIEWS = YES;
				GENERATE_INFOPLIST_FILE = YES;
				INFOPLIST_FILE = Multipeer/Info.plist;
				INFOPLIST_KEY_NSLocalNetworkUsageDescription = "LAN discovery needed to search other devices. Please allow the permission.";
				INFOPLIST_KEY_NSSystemExtensionUsageDescription = "We need it to block some content";
				INFOPLIST_KEY_UIApplicationSceneManifest_Generation = YES;
				INFOPLIST_KEY_UIApplicationSupportsIndirectInputEvents = YES;
				INFOPLIST_KEY_UILaunchScreen_Generation = YES;
				INFOPLIST_KEY_UIRequiredDeviceCapabilities = armv7;
				INFOPLIST_KEY_UISupportedInterfaceOrientations_iPad = "UIInterfaceOrientationPortrait UIInterfaceOrientationPortraitUpsideDown UIInterfaceOrientationLandscapeLeft UIInterfaceOrientationLandscapeRight";
				INFOPLIST_KEY_UISupportedInterfaceOrientations_iPhone = "UIInterfaceOrientationPortrait UIInterfaceOrientationLandscapeLeft UIInterfaceOrientationLandscapeRight";
				IPHONEOS_DEPLOYMENT_TARGET = 18.0;
				LD_RUNPATH_SEARCH_PATHS = (
					"$(inherited)",
					"@executable_path/Frameworks",
				);
				MARKETING_VERSION = 1.0;
				PRODUCT_BUNDLE_IDENTIFIER = com.dasontio.Multipeer;
				PRODUCT_NAME = "$(TARGET_NAME)";
				SWIFT_EMIT_LOC_STRINGS = YES;
				SWIFT_VERSION = 5.0;
				TARGETED_DEVICE_FAMILY = "1,2";
			};
			name = Release;
		};
		EFB24F8C2D0DBF530003B077 /* Debug */ = {
			isa = XCBuildConfiguration;
			buildSettings = {
				BUNDLE_LOADER = "$(TEST_HOST)";
				CODE_SIGN_STYLE = Automatic;
				CURRENT_PROJECT_VERSION = 1;
				DEVELOPMENT_TEAM = DP3K3GBL6K;
				GENERATE_INFOPLIST_FILE = YES;
				IPHONEOS_DEPLOYMENT_TARGET = 18.1;
				MARKETING_VERSION = 1.0;
				PRODUCT_BUNDLE_IDENTIFIER = com.dasontio.MultipeerTests;
				PRODUCT_NAME = "$(TARGET_NAME)";
				SWIFT_EMIT_LOC_STRINGS = NO;
				SWIFT_VERSION = 5.0;
				TARGETED_DEVICE_FAMILY = "1,2";
				TEST_HOST = "$(BUILT_PRODUCTS_DIR)/Multipeer.app/$(BUNDLE_EXECUTABLE_FOLDER_PATH)/Multipeer";
			};
			name = Debug;
		};
		EFB24F8D2D0DBF530003B077 /* Release */ = {
			isa = XCBuildConfiguration;
			buildSettings = {
				BUNDLE_LOADER = "$(TEST_HOST)";
				CODE_SIGN_STYLE = Automatic;
				CURRENT_PROJECT_VERSION = 1;
				DEVELOPMENT_TEAM = DP3K3GBL6K;
				GENERATE_INFOPLIST_FILE = YES;
				IPHONEOS_DEPLOYMENT_TARGET = 18.1;
				MARKETING_VERSION = 1.0;
				PRODUCT_BUNDLE_IDENTIFIER = com.dasontio.MultipeerTests;
				PRODUCT_NAME = "$(TARGET_NAME)";
				SWIFT_EMIT_LOC_STRINGS = NO;
				SWIFT_VERSION = 5.0;
				TARGETED_DEVICE_FAMILY = "1,2";
				TEST_HOST = "$(BUILT_PRODUCTS_DIR)/Multipeer.app/$(BUNDLE_EXECUTABLE_FOLDER_PATH)/Multipeer";
			};
			name = Release;
		};
		EFB24F8F2D0DBF530003B077 /* Debug */ = {
			isa = XCBuildConfiguration;
			buildSettings = {
				CODE_SIGN_STYLE = Automatic;
				CURRENT_PROJECT_VERSION = 1;
				DEVELOPMENT_TEAM = DP3K3GBL6K;
				GENERATE_INFOPLIST_FILE = YES;
				MARKETING_VERSION = 1.0;
				PRODUCT_BUNDLE_IDENTIFIER = com.dasontio.MultipeerUITests;
				PRODUCT_NAME = "$(TARGET_NAME)";
				SWIFT_EMIT_LOC_STRINGS = NO;
				SWIFT_VERSION = 5.0;
				TARGETED_DEVICE_FAMILY = "1,2";
				TEST_TARGET_NAME = Multipeer;
			};
			name = Debug;
		};
		EFB24F902D0DBF530003B077 /* Release */ = {
			isa = XCBuildConfiguration;
			buildSettings = {
				CODE_SIGN_STYLE = Automatic;
				CURRENT_PROJECT_VERSION = 1;
				DEVELOPMENT_TEAM = DP3K3GBL6K;
				GENERATE_INFOPLIST_FILE = YES;
				MARKETING_VERSION = 1.0;
				PRODUCT_BUNDLE_IDENTIFIER = com.dasontio.MultipeerUITests;
				PRODUCT_NAME = "$(TARGET_NAME)";
				SWIFT_EMIT_LOC_STRINGS = NO;
				SWIFT_VERSION = 5.0;
				TARGETED_DEVICE_FAMILY = "1,2";
				TEST_TARGET_NAME = Multipeer;
			};
			name = Release;
		};
		EFCD5EAD2D10742F00720149 /* Debug */ = {
			isa = XCBuildConfiguration;
			buildSettings = {
				CODE_SIGN_ENTITLEMENTS = ContentFilter/ContentFilter.entitlements;
				CODE_SIGN_STYLE = Automatic;
				CURRENT_PROJECT_VERSION = 1;
				DEVELOPMENT_TEAM = DP3K3GBL6K;
				GENERATE_INFOPLIST_FILE = YES;
				INFOPLIST_FILE = ContentFilter/Info.plist;
				INFOPLIST_KEY_CFBundleDisplayName = ContentFilter;
				INFOPLIST_KEY_NSHumanReadableCopyright = "";
				LD_RUNPATH_SEARCH_PATHS = (
					"$(inherited)",
					"@executable_path/Frameworks",
					"@executable_path/../../Frameworks",
				);
				MARKETING_VERSION = 1.0;
				PRODUCT_BUNDLE_IDENTIFIER = com.dasontio.Multipeer.ContentFilter;
				PRODUCT_NAME = "$(TARGET_NAME)";
				SKIP_INSTALL = YES;
				SWIFT_EMIT_LOC_STRINGS = YES;
				SWIFT_VERSION = 5.0;
				TARGETED_DEVICE_FAMILY = "1,2";
			};
			name = Debug;
		};
		EFCD5EAE2D10742F00720149 /* Release */ = {
			isa = XCBuildConfiguration;
			buildSettings = {
				CODE_SIGN_ENTITLEMENTS = ContentFilter/ContentFilter.entitlements;
				CODE_SIGN_STYLE = Automatic;
				CURRENT_PROJECT_VERSION = 1;
				DEVELOPMENT_TEAM = DP3K3GBL6K;
				GENERATE_INFOPLIST_FILE = YES;
				INFOPLIST_FILE = ContentFilter/Info.plist;
				INFOPLIST_KEY_CFBundleDisplayName = ContentFilter;
				INFOPLIST_KEY_NSHumanReadableCopyright = "";
				LD_RUNPATH_SEARCH_PATHS = (
					"$(inherited)",
					"@executable_path/Frameworks",
					"@executable_path/../../Frameworks",
				);
				MARKETING_VERSION = 1.0;
				PRODUCT_BUNDLE_IDENTIFIER = com.dasontio.Multipeer.ContentFilter;
				PRODUCT_NAME = "$(TARGET_NAME)";
				SKIP_INSTALL = YES;
				SWIFT_EMIT_LOC_STRINGS = YES;
				SWIFT_VERSION = 5.0;
				TARGETED_DEVICE_FAMILY = "1,2";
			};
			name = Release;
		};
/* End XCBuildConfiguration section */

/* Begin XCConfigurationList section */
		EF0AD2A12D11CFF000213246 /* Build configuration list for PBXNativeTarget "ContentFilterData" */ = {
			isa = XCConfigurationList;
			buildConfigurations = (
				EF0AD29E2D11CFF000213246 /* Debug */,
				EF0AD29F2D11CFF000213246 /* Release */,
			);
			defaultConfigurationIsVisible = 0;
			defaultConfigurationName = Release;
		};
		EFB24F5F2D0DBF520003B077 /* Build configuration list for PBXProject "Multipeer" */ = {
			isa = XCConfigurationList;
			buildConfigurations = (
				EFB24F862D0DBF530003B077 /* Debug */,
				EFB24F872D0DBF530003B077 /* Release */,
			);
			defaultConfigurationIsVisible = 0;
			defaultConfigurationName = Release;
		};
		EFB24F882D0DBF530003B077 /* Build configuration list for PBXNativeTarget "Multipeer" */ = {
			isa = XCConfigurationList;
			buildConfigurations = (
				EFB24F892D0DBF530003B077 /* Debug */,
				EFB24F8A2D0DBF530003B077 /* Release */,
			);
			defaultConfigurationIsVisible = 0;
			defaultConfigurationName = Release;
		};
		EFB24F8B2D0DBF530003B077 /* Build configuration list for PBXNativeTarget "MultipeerTests" */ = {
			isa = XCConfigurationList;
			buildConfigurations = (
				EFB24F8C2D0DBF530003B077 /* Debug */,
				EFB24F8D2D0DBF530003B077 /* Release */,
			);
			defaultConfigurationIsVisible = 0;
			defaultConfigurationName = Release;
		};
		EFB24F8E2D0DBF530003B077 /* Build configuration list for PBXNativeTarget "MultipeerUITests" */ = {
			isa = XCConfigurationList;
			buildConfigurations = (
				EFB24F8F2D0DBF530003B077 /* Debug */,
				EFB24F902D0DBF530003B077 /* Release */,
			);
			defaultConfigurationIsVisible = 0;
			defaultConfigurationName = Release;
		};
		EFCD5EAC2D10742F00720149 /* Build configuration list for PBXNativeTarget "ContentFilter" */ = {
			isa = XCConfigurationList;
			buildConfigurations = (
				EFCD5EAD2D10742F00720149 /* Debug */,
				EFCD5EAE2D10742F00720149 /* Release */,
			);
			defaultConfigurationIsVisible = 0;
			defaultConfigurationName = Release;
		};
/* End XCConfigurationList section */
	};
	rootObject = EFB24F5C2D0DBF520003B077 /* Project object */;
}
